// !$*UTF8*$!
{
	archiveVersion = 1;
	classes = {
	};
	objectVersion = 46;
	objects = {

/* Begin PBXBuildFile section */
		C17F31FD1E61C82B002398AF /* AppDelegate.swift in Sources */ = {isa = PBXBuildFile; fileRef = C17F31FC1E61C82B002398AF /* AppDelegate.swift */; };
		C17F31FF1E61C82B002398AF /* ViewController.swift in Sources */ = {isa = PBXBuildFile; fileRef = C17F31FE1E61C82B002398AF /* ViewController.swift */; };
		C17F32021E61C82B002398AF /* Main.storyboard in Resources */ = {isa = PBXBuildFile; fileRef = C17F32001E61C82B002398AF /* Main.storyboard */; };
		C17F32041E61C82B002398AF /* Assets.xcassets in Resources */ = {isa = PBXBuildFile; fileRef = C17F32031E61C82B002398AF /* Assets.xcassets */; };
		C17F32071E61C82B002398AF /* LaunchScreen.storyboard in Resources */ = {isa = PBXBuildFile; fileRef = C17F32051E61C82B002398AF /* LaunchScreen.storyboard */; };
		C17F32121E61C82B002398AF /* test_thnetsTests.swift in Sources */ = {isa = PBXBuildFile; fileRef = C17F32111E61C82B002398AF /* test_thnetsTests.swift */; };
		C17F321D1E61C82B002398AF /* test_thnetsUITests.swift in Sources */ = {isa = PBXBuildFile; fileRef = C17F321C1E61C82B002398AF /* test_thnetsUITests.swift */; };
		C17F32311E61C8C7002398AF /* memorydebug.c in Sources */ = {isa = PBXBuildFile; fileRef = C17F322C1E61C8C7002398AF /* memorydebug.c */; };
		C17F32321E61C8C7002398AF /* pytorch.c in Sources */ = {isa = PBXBuildFile; fileRef = C17F322D1E61C8C7002398AF /* pytorch.c */; };
		C17F32331E61C8C7002398AF /* thapi.c in Sources */ = {isa = PBXBuildFile; fileRef = C17F322E1E61C8C7002398AF /* thapi.c */; settings = {COMPILER_FLAGS = "-DUSEBLAS -DACCELERATE"; }; };
		C17F32341E61C8C7002398AF /* thbasic.c in Sources */ = {isa = PBXBuildFile; fileRef = C17F322F1E61C8C7002398AF /* thbasic.c */; settings = {COMPILER_FLAGS = "-DUSEBLAS -DACCELERATE"; }; };
		C17F32351E61C8C7002398AF /* thload.c in Sources */ = {isa = PBXBuildFile; fileRef = C17F32301E61C8C7002398AF /* thload.c */; };
		C17F324B1E61C8D7002398AF /* CAddTable.c in Sources */ = {isa = PBXBuildFile; fileRef = C17F32361E61C8D7002398AF /* CAddTable.c */; };
		C17F324C1E61C8D7002398AF /* Concat.c in Sources */ = {isa = PBXBuildFile; fileRef = C17F32371E61C8D7002398AF /* Concat.c */; };
		C17F324D1E61C8D7002398AF /* ConcatTable.c in Sources */ = {isa = PBXBuildFile; fileRef = C17F32381E61C8D7002398AF /* ConcatTable.c */; };
		C17F324E1E61C8D7002398AF /* Dropout.c in Sources */ = {isa = PBXBuildFile; fileRef = C17F32391E61C8D7002398AF /* Dropout.c */; };
		C17F324F1E61C8D7002398AF /* JoinTable.c in Sources */ = {isa = PBXBuildFile; fileRef = C17F323A1E61C8D7002398AF /* JoinTable.c */; };
		C17F32501E61C8D7002398AF /* Linear.c in Sources */ = {isa = PBXBuildFile; fileRef = C17F323B1E61C8D7002398AF /* Linear.c */; };
		C17F32511E61C8D7002398AF /* Normalize.c in Sources */ = {isa = PBXBuildFile; fileRef = C17F323C1E61C8D7002398AF /* Normalize.c */; };
		C17F32521E61C8D7002398AF /* PReLU.c in Sources */ = {isa = PBXBuildFile; fileRef = C17F323D1E61C8D7002398AF /* PReLU.c */; };
		C17F32531E61C8D7002398AF /* Reshape.c in Sources */ = {isa = PBXBuildFile; fileRef = C17F323E1E61C8D7002398AF /* Reshape.c */; };
		C17F32541E61C8D7002398AF /* Sequential.c in Sources */ = {isa = PBXBuildFile; fileRef = C17F323F1E61C8D7002398AF /* Sequential.c */; };
		C17F32551E61C8D7002398AF /* SoftMax.c in Sources */ = {isa = PBXBuildFile; fileRef = C17F32401E61C8D7002398AF /* SoftMax.c */; };
		C17F32561E61C8D7002398AF /* SpatialAveragePooling.c in Sources */ = {isa = PBXBuildFile; fileRef = C17F32411E61C8D7002398AF /* SpatialAveragePooling.c */; };
		C17F32571E61C8D7002398AF /* SpatialBatchNormalization.c in Sources */ = {isa = PBXBuildFile; fileRef = C17F32421E61C8D7002398AF /* SpatialBatchNormalization.c */; };
		C17F32581E61C8D7002398AF /* SpatialConvolution.c in Sources */ = {isa = PBXBuildFile; fileRef = C17F32431E61C8D7002398AF /* SpatialConvolution.c */; settings = {COMPILER_FLAGS = "-DUSEBLAS -DACCELERATE"; }; };
		C17F32591E61C8D7002398AF /* SpatialConvolutionMM.c in Sources */ = {isa = PBXBuildFile; fileRef = C17F32441E61C8D7002398AF /* SpatialConvolutionMM.c */; settings = {COMPILER_FLAGS = "-DUSEBLAS -DACCELERATE"; }; };
		C17F325A1E61C8D7002398AF /* SpatialFullConvolution.c in Sources */ = {isa = PBXBuildFile; fileRef = C17F32451E61C8D7002398AF /* SpatialFullConvolution.c */; };
		C17F325B1E61C8D7002398AF /* SpatialMaxPooling.c in Sources */ = {isa = PBXBuildFile; fileRef = C17F32461E61C8D7002398AF /* SpatialMaxPooling.c */; };
		C17F325C1E61C8D7002398AF /* SpatialMaxUnpooling.c in Sources */ = {isa = PBXBuildFile; fileRef = C17F32471E61C8D7002398AF /* SpatialMaxUnpooling.c */; };
		C17F325D1E61C8D7002398AF /* SpatialZeroPadding.c in Sources */ = {isa = PBXBuildFile; fileRef = C17F32481E61C8D7002398AF /* SpatialZeroPadding.c */; };
		C17F325E1E61C8D7002398AF /* Threshold.c in Sources */ = {isa = PBXBuildFile; fileRef = C17F32491E61C8D7002398AF /* Threshold.c */; };
		C17F325F1E61C8D7002398AF /* View.c in Sources */ = {isa = PBXBuildFile; fileRef = C17F324A1E61C8D7002398AF /* View.c */; };
		C17F32621E61D199002398AF /* Accelerate.framework in Frameworks */ = {isa = PBXBuildFile; fileRef = C17F32611E61D199002398AF /* Accelerate.framework */; };
		C1FBE9FE1E61E7050031028A /* neural-nets in Resources */ = {isa = PBXBuildFile; fileRef = C1FBE9FD1E61E7050031028A /* neural-nets */; };
/* End PBXBuildFile section */

/* Begin PBXContainerItemProxy section */
		C17F320E1E61C82B002398AF /* PBXContainerItemProxy */ = {
			isa = PBXContainerItemProxy;
			containerPortal = C17F31F11E61C82B002398AF /* Project object */;
			proxyType = 1;
			remoteGlobalIDString = C17F31F81E61C82B002398AF;
			remoteInfo = "test-thnets";
		};
		C17F32191E61C82B002398AF /* PBXContainerItemProxy */ = {
			isa = PBXContainerItemProxy;
			containerPortal = C17F31F11E61C82B002398AF /* Project object */;
			proxyType = 1;
			remoteGlobalIDString = C17F31F81E61C82B002398AF;
			remoteInfo = "test-thnets";
		};
/* End PBXContainerItemProxy section */

/* Begin PBXFileReference section */
		C17F31F91E61C82B002398AF /* test-thnets.app */ = {isa = PBXFileReference; explicitFileType = wrapper.application; includeInIndex = 0; path = "test-thnets.app"; sourceTree = BUILT_PRODUCTS_DIR; };
		C17F31FC1E61C82B002398AF /* AppDelegate.swift */ = {isa = PBXFileReference; lastKnownFileType = sourcecode.swift; path = AppDelegate.swift; sourceTree = "<group>"; };
		C17F31FE1E61C82B002398AF /* ViewController.swift */ = {isa = PBXFileReference; lastKnownFileType = sourcecode.swift; path = ViewController.swift; sourceTree = "<group>"; };
		C17F32011E61C82B002398AF /* Base */ = {isa = PBXFileReference; lastKnownFileType = file.storyboard; name = Base; path = Base.lproj/Main.storyboard; sourceTree = "<group>"; };
		C17F32031E61C82B002398AF /* Assets.xcassets */ = {isa = PBXFileReference; lastKnownFileType = folder.assetcatalog; path = Assets.xcassets; sourceTree = "<group>"; };
		C17F32061E61C82B002398AF /* Base */ = {isa = PBXFileReference; lastKnownFileType = file.storyboard; name = Base; path = Base.lproj/LaunchScreen.storyboard; sourceTree = "<group>"; };
		C17F32081E61C82B002398AF /* Info.plist */ = {isa = PBXFileReference; lastKnownFileType = text.plist.xml; path = Info.plist; sourceTree = "<group>"; };
		C17F320D1E61C82B002398AF /* test-thnetsTests.xctest */ = {isa = PBXFileReference; explicitFileType = wrapper.cfbundle; includeInIndex = 0; path = "test-thnetsTests.xctest"; sourceTree = BUILT_PRODUCTS_DIR; };
		C17F32111E61C82B002398AF /* test_thnetsTests.swift */ = {isa = PBXFileReference; lastKnownFileType = sourcecode.swift; path = test_thnetsTests.swift; sourceTree = "<group>"; };
		C17F32131E61C82B002398AF /* Info.plist */ = {isa = PBXFileReference; lastKnownFileType = text.plist.xml; path = Info.plist; sourceTree = "<group>"; };
		C17F32181E61C82B002398AF /* test-thnetsUITests.xctest */ = {isa = PBXFileReference; explicitFileType = wrapper.cfbundle; includeInIndex = 0; path = "test-thnetsUITests.xctest"; sourceTree = BUILT_PRODUCTS_DIR; };
		C17F321C1E61C82B002398AF /* test_thnetsUITests.swift */ = {isa = PBXFileReference; lastKnownFileType = sourcecode.swift; path = test_thnetsUITests.swift; sourceTree = "<group>"; };
		C17F321E1E61C82B002398AF /* Info.plist */ = {isa = PBXFileReference; lastKnownFileType = text.plist.xml; path = Info.plist; sourceTree = "<group>"; };
		C17F322B1E61C8C7002398AF /* test-thnets-Bridging-Header.h */ = {isa = PBXFileReference; lastKnownFileType = sourcecode.c.h; path = "test-thnets-Bridging-Header.h"; sourceTree = "<group>"; };
		C17F322C1E61C8C7002398AF /* memorydebug.c */ = {isa = PBXFileReference; fileEncoding = 4; lastKnownFileType = sourcecode.c.c; name = memorydebug.c; path = thnets/memorydebug.c; sourceTree = "<group>"; };
		C17F322D1E61C8C7002398AF /* pytorch.c */ = {isa = PBXFileReference; fileEncoding = 4; lastKnownFileType = sourcecode.c.c; name = pytorch.c; path = thnets/pytorch.c; sourceTree = "<group>"; };
		C17F322E1E61C8C7002398AF /* thapi.c */ = {isa = PBXFileReference; fileEncoding = 4; lastKnownFileType = sourcecode.c.c; name = thapi.c; path = thnets/thapi.c; sourceTree = "<group>"; };
		C17F322F1E61C8C7002398AF /* thbasic.c */ = {isa = PBXFileReference; fileEncoding = 4; lastKnownFileType = sourcecode.c.c; name = thbasic.c; path = thnets/thbasic.c; sourceTree = "<group>"; };
		C17F32301E61C8C7002398AF /* thload.c */ = {isa = PBXFileReference; fileEncoding = 4; lastKnownFileType = sourcecode.c.c; name = thload.c; path = thnets/thload.c; sourceTree = "<group>"; };
		C17F32361E61C8D7002398AF /* CAddTable.c */ = {isa = PBXFileReference; fileEncoding = 4; lastKnownFileType = sourcecode.c.c; name = CAddTable.c; path = thnets/modules/CAddTable.c; sourceTree = "<group>"; };
		C17F32371E61C8D7002398AF /* Concat.c */ = {isa = PBXFileReference; fileEncoding = 4; lastKnownFileType = sourcecode.c.c; name = Concat.c; path = thnets/modules/Concat.c; sourceTree = "<group>"; };
		C17F32381E61C8D7002398AF /* ConcatTable.c */ = {isa = PBXFileReference; fileEncoding = 4; lastKnownFileType = sourcecode.c.c; name = ConcatTable.c; path = thnets/modules/ConcatTable.c; sourceTree = "<group>"; };
		C17F32391E61C8D7002398AF /* Dropout.c */ = {isa = PBXFileReference; fileEncoding = 4; lastKnownFileType = sourcecode.c.c; name = Dropout.c; path = thnets/modules/Dropout.c; sourceTree = "<group>"; };
		C17F323A1E61C8D7002398AF /* JoinTable.c */ = {isa = PBXFileReference; fileEncoding = 4; lastKnownFileType = sourcecode.c.c; name = JoinTable.c; path = thnets/modules/JoinTable.c; sourceTree = "<group>"; };
		C17F323B1E61C8D7002398AF /* Linear.c */ = {isa = PBXFileReference; fileEncoding = 4; lastKnownFileType = sourcecode.c.c; name = Linear.c; path = thnets/modules/Linear.c; sourceTree = "<group>"; };
		C17F323C1E61C8D7002398AF /* Normalize.c */ = {isa = PBXFileReference; fileEncoding = 4; lastKnownFileType = sourcecode.c.c; name = Normalize.c; path = thnets/modules/Normalize.c; sourceTree = "<group>"; };
		C17F323D1E61C8D7002398AF /* PReLU.c */ = {isa = PBXFileReference; fileEncoding = 4; lastKnownFileType = sourcecode.c.c; name = PReLU.c; path = thnets/modules/PReLU.c; sourceTree = "<group>"; };
		C17F323E1E61C8D7002398AF /* Reshape.c */ = {isa = PBXFileReference; fileEncoding = 4; lastKnownFileType = sourcecode.c.c; name = Reshape.c; path = thnets/modules/Reshape.c; sourceTree = "<group>"; };
		C17F323F1E61C8D7002398AF /* Sequential.c */ = {isa = PBXFileReference; fileEncoding = 4; lastKnownFileType = sourcecode.c.c; name = Sequential.c; path = thnets/modules/Sequential.c; sourceTree = "<group>"; };
		C17F32401E61C8D7002398AF /* SoftMax.c */ = {isa = PBXFileReference; fileEncoding = 4; lastKnownFileType = sourcecode.c.c; name = SoftMax.c; path = thnets/modules/SoftMax.c; sourceTree = "<group>"; };
		C17F32411E61C8D7002398AF /* SpatialAveragePooling.c */ = {isa = PBXFileReference; fileEncoding = 4; lastKnownFileType = sourcecode.c.c; name = SpatialAveragePooling.c; path = thnets/modules/SpatialAveragePooling.c; sourceTree = "<group>"; };
		C17F32421E61C8D7002398AF /* SpatialBatchNormalization.c */ = {isa = PBXFileReference; fileEncoding = 4; lastKnownFileType = sourcecode.c.c; name = SpatialBatchNormalization.c; path = thnets/modules/SpatialBatchNormalization.c; sourceTree = "<group>"; };
		C17F32431E61C8D7002398AF /* SpatialConvolution.c */ = {isa = PBXFileReference; fileEncoding = 4; lastKnownFileType = sourcecode.c.c; name = SpatialConvolution.c; path = thnets/modules/SpatialConvolution.c; sourceTree = "<group>"; };
		C17F32441E61C8D7002398AF /* SpatialConvolutionMM.c */ = {isa = PBXFileReference; fileEncoding = 4; lastKnownFileType = sourcecode.c.c; name = SpatialConvolutionMM.c; path = thnets/modules/SpatialConvolutionMM.c; sourceTree = "<group>"; };
		C17F32451E61C8D7002398AF /* SpatialFullConvolution.c */ = {isa = PBXFileReference; fileEncoding = 4; lastKnownFileType = sourcecode.c.c; name = SpatialFullConvolution.c; path = thnets/modules/SpatialFullConvolution.c; sourceTree = "<group>"; };
		C17F32461E61C8D7002398AF /* SpatialMaxPooling.c */ = {isa = PBXFileReference; fileEncoding = 4; lastKnownFileType = sourcecode.c.c; name = SpatialMaxPooling.c; path = thnets/modules/SpatialMaxPooling.c; sourceTree = "<group>"; };
		C17F32471E61C8D7002398AF /* SpatialMaxUnpooling.c */ = {isa = PBXFileReference; fileEncoding = 4; lastKnownFileType = sourcecode.c.c; name = SpatialMaxUnpooling.c; path = thnets/modules/SpatialMaxUnpooling.c; sourceTree = "<group>"; };
		C17F32481E61C8D7002398AF /* SpatialZeroPadding.c */ = {isa = PBXFileReference; fileEncoding = 4; lastKnownFileType = sourcecode.c.c; name = SpatialZeroPadding.c; path = thnets/modules/SpatialZeroPadding.c; sourceTree = "<group>"; };
		C17F32491E61C8D7002398AF /* Threshold.c */ = {isa = PBXFileReference; fileEncoding = 4; lastKnownFileType = sourcecode.c.c; name = Threshold.c; path = thnets/modules/Threshold.c; sourceTree = "<group>"; };
		C17F324A1E61C8D7002398AF /* View.c */ = {isa = PBXFileReference; fileEncoding = 4; lastKnownFileType = sourcecode.c.c; name = View.c; path = thnets/modules/View.c; sourceTree = "<group>"; };
		C17F32611E61D199002398AF /* Accelerate.framework */ = {isa = PBXFileReference; lastKnownFileType = wrapper.framework; name = Accelerate.framework; path = System/Library/Frameworks/Accelerate.framework; sourceTree = SDKROOT; };
		C1FBE9F71E61DA400031028A /* thnets.h */ = {isa = PBXFileReference; fileEncoding = 4; lastKnownFileType = sourcecode.c.h; name = thnets.h; path = thnets/thnets.h; sourceTree = "<group>"; };
		C1FBE9FD1E61E7050031028A /* neural-nets */ = {isa = PBXFileReference; lastKnownFileType = folder; path = "neural-nets"; sourceTree = "<group>"; };
/* End PBXFileReference section */

/* Begin PBXFrameworksBuildPhase section */
		C17F31F61E61C82B002398AF /* Frameworks */ = {
			isa = PBXFrameworksBuildPhase;
			buildActionMask = 2147483647;
			files = (
				C17F32621E61D199002398AF /* Accelerate.framework in Frameworks */,
			);
			runOnlyForDeploymentPostprocessing = 0;
		};
		C17F320A1E61C82B002398AF /* Frameworks */ = {
			isa = PBXFrameworksBuildPhase;
			buildActionMask = 2147483647;
			files = (
			);
			runOnlyForDeploymentPostprocessing = 0;
		};
		C17F32151E61C82B002398AF /* Frameworks */ = {
			isa = PBXFrameworksBuildPhase;
			buildActionMask = 2147483647;
			files = (
			);
			runOnlyForDeploymentPostprocessing = 0;
		};
/* End PBXFrameworksBuildPhase section */

/* Begin PBXGroup section */
		C17F31F01E61C82B002398AF = {
			isa = PBXGroup;
			children = (
				C1FBE9FD1E61E7050031028A /* neural-nets */,
				C17F322A1E61C890002398AF /* thnets */,
				C17F31FB1E61C82B002398AF /* test-thnets */,
				C17F32101E61C82B002398AF /* test-thnetsTests */,
				C17F321B1E61C82B002398AF /* test-thnetsUITests */,
				C17F31FA1E61C82B002398AF /* Products */,
				C17F32601E61D199002398AF /* Frameworks */,
			);
			sourceTree = "<group>";
		};
		C17F31FA1E61C82B002398AF /* Products */ = {
			isa = PBXGroup;
			children = (
				C17F31F91E61C82B002398AF /* test-thnets.app */,
				C17F320D1E61C82B002398AF /* test-thnetsTests.xctest */,
				C17F32181E61C82B002398AF /* test-thnetsUITests.xctest */,
			);
			name = Products;
			sourceTree = "<group>";
		};
		C17F31FB1E61C82B002398AF /* test-thnets */ = {
			isa = PBXGroup;
			children = (
				C17F31FC1E61C82B002398AF /* AppDelegate.swift */,
				C17F31FE1E61C82B002398AF /* ViewController.swift */,
				C17F32001E61C82B002398AF /* Main.storyboard */,
				C17F32031E61C82B002398AF /* Assets.xcassets */,
				C17F32051E61C82B002398AF /* LaunchScreen.storyboard */,
				C17F32081E61C82B002398AF /* Info.plist */,
			);
			path = "test-thnets";
			sourceTree = "<group>";
		};
		C17F32101E61C82B002398AF /* test-thnetsTests */ = {
			isa = PBXGroup;
			children = (
				C17F32111E61C82B002398AF /* test_thnetsTests.swift */,
				C17F32131E61C82B002398AF /* Info.plist */,
			);
			path = "test-thnetsTests";
			sourceTree = "<group>";
		};
		C17F321B1E61C82B002398AF /* test-thnetsUITests */ = {
			isa = PBXGroup;
			children = (
				C17F321C1E61C82B002398AF /* test_thnetsUITests.swift */,
				C17F321E1E61C82B002398AF /* Info.plist */,
			);
			path = "test-thnetsUITests";
			sourceTree = "<group>";
		};
		C17F322A1E61C890002398AF /* thnets */ = {
			isa = PBXGroup;
			children = (
				C1FBE9F71E61DA400031028A /* thnets.h */,
				C17F32361E61C8D7002398AF /* CAddTable.c */,
				C17F32371E61C8D7002398AF /* Concat.c */,
				C17F32381E61C8D7002398AF /* ConcatTable.c */,
				C17F32391E61C8D7002398AF /* Dropout.c */,
				C17F323A1E61C8D7002398AF /* JoinTable.c */,
				C17F323B1E61C8D7002398AF /* Linear.c */,
				C17F323C1E61C8D7002398AF /* Normalize.c */,
				C17F323D1E61C8D7002398AF /* PReLU.c */,
				C17F323E1E61C8D7002398AF /* Reshape.c */,
				C17F323F1E61C8D7002398AF /* Sequential.c */,
				C17F32401E61C8D7002398AF /* SoftMax.c */,
				C17F32411E61C8D7002398AF /* SpatialAveragePooling.c */,
				C17F32421E61C8D7002398AF /* SpatialBatchNormalization.c */,
				C17F32431E61C8D7002398AF /* SpatialConvolution.c */,
				C17F32441E61C8D7002398AF /* SpatialConvolutionMM.c */,
				C17F32451E61C8D7002398AF /* SpatialFullConvolution.c */,
				C17F32461E61C8D7002398AF /* SpatialMaxPooling.c */,
				C17F32471E61C8D7002398AF /* SpatialMaxUnpooling.c */,
				C17F32481E61C8D7002398AF /* SpatialZeroPadding.c */,
				C17F32491E61C8D7002398AF /* Threshold.c */,
				C17F324A1E61C8D7002398AF /* View.c */,
				C17F322C1E61C8C7002398AF /* memorydebug.c */,
				C17F322D1E61C8C7002398AF /* pytorch.c */,
				C17F322E1E61C8C7002398AF /* thapi.c */,
				C17F322F1E61C8C7002398AF /* thbasic.c */,
				C17F32301E61C8C7002398AF /* thload.c */,
				C17F322B1E61C8C7002398AF /* test-thnets-Bridging-Header.h */,
			);
			name = thnets;
			sourceTree = "<group>";
		};
		C17F32601E61D199002398AF /* Frameworks */ = {
			isa = PBXGroup;
			children = (
				C17F32611E61D199002398AF /* Accelerate.framework */,
			);
			name = Frameworks;
			sourceTree = "<group>";
		};
/* End PBXGroup section */

/* Begin PBXNativeTarget section */
		C17F31F81E61C82B002398AF /* test-thnets */ = {
			isa = PBXNativeTarget;
			buildConfigurationList = C17F32211E61C82B002398AF /* Build configuration list for PBXNativeTarget "test-thnets" */;
			buildPhases = (
				C17F31F51E61C82B002398AF /* Sources */,
				C17F31F61E61C82B002398AF /* Frameworks */,
				C17F31F71E61C82B002398AF /* Resources */,
			);
			buildRules = (
			);
			dependencies = (
			);
			name = "test-thnets";
			productName = "test-thnets";
			productReference = C17F31F91E61C82B002398AF /* test-thnets.app */;
			productType = "com.apple.product-type.application";
		};
		C17F320C1E61C82B002398AF /* test-thnetsTests */ = {
			isa = PBXNativeTarget;
			buildConfigurationList = C17F32241E61C82B002398AF /* Build configuration list for PBXNativeTarget "test-thnetsTests" */;
			buildPhases = (
				C17F32091E61C82B002398AF /* Sources */,
				C17F320A1E61C82B002398AF /* Frameworks */,
				C17F320B1E61C82B002398AF /* Resources */,
			);
			buildRules = (
			);
			dependencies = (
				C17F320F1E61C82B002398AF /* PBXTargetDependency */,
			);
			name = "test-thnetsTests";
			productName = "test-thnetsTests";
			productReference = C17F320D1E61C82B002398AF /* test-thnetsTests.xctest */;
			productType = "com.apple.product-type.bundle.unit-test";
		};
		C17F32171E61C82B002398AF /* test-thnetsUITests */ = {
			isa = PBXNativeTarget;
			buildConfigurationList = C17F32271E61C82B002398AF /* Build configuration list for PBXNativeTarget "test-thnetsUITests" */;
			buildPhases = (
				C17F32141E61C82B002398AF /* Sources */,
				C17F32151E61C82B002398AF /* Frameworks */,
				C17F32161E61C82B002398AF /* Resources */,
			);
			buildRules = (
			);
			dependencies = (
				C17F321A1E61C82B002398AF /* PBXTargetDependency */,
			);
			name = "test-thnetsUITests";
			productName = "test-thnetsUITests";
			productReference = C17F32181E61C82B002398AF /* test-thnetsUITests.xctest */;
			productType = "com.apple.product-type.bundle.ui-testing";
		};
/* End PBXNativeTarget section */

/* Begin PBXProject section */
		C17F31F11E61C82B002398AF /* Project object */ = {
			isa = PBXProject;
			attributes = {
				LastSwiftUpdateCheck = 0820;
				LastUpgradeCheck = 0820;
				ORGANIZATIONNAME = "Eugenio Culurciello";
				TargetAttributes = {
					C17F31F81E61C82B002398AF = {
						CreatedOnToolsVersion = 8.2.1;
						LastSwiftMigration = 0820;
						ProvisioningStyle = Automatic;
					};
					C17F320C1E61C82B002398AF = {
						CreatedOnToolsVersion = 8.2.1;
						ProvisioningStyle = Automatic;
						TestTargetID = C17F31F81E61C82B002398AF;
					};
					C17F32171E61C82B002398AF = {
						CreatedOnToolsVersion = 8.2.1;
						ProvisioningStyle = Automatic;
						TestTargetID = C17F31F81E61C82B002398AF;
					};
				};
			};
			buildConfigurationList = C17F31F41E61C82B002398AF /* Build configuration list for PBXProject "test-thnets" */;
			compatibilityVersion = "Xcode 3.2";
			developmentRegion = English;
			hasScannedForEncodings = 0;
			knownRegions = (
				en,
				Base,
			);
			mainGroup = C17F31F01E61C82B002398AF;
			productRefGroup = C17F31FA1E61C82B002398AF /* Products */;
			projectDirPath = "";
			projectRoot = "";
			targets = (
				C17F31F81E61C82B002398AF /* test-thnets */,
				C17F320C1E61C82B002398AF /* test-thnetsTests */,
				C17F32171E61C82B002398AF /* test-thnetsUITests */,
			);
		};
/* End PBXProject section */

/* Begin PBXResourcesBuildPhase section */
		C17F31F71E61C82B002398AF /* Resources */ = {
			isa = PBXResourcesBuildPhase;
			buildActionMask = 2147483647;
			files = (
				C17F32071E61C82B002398AF /* LaunchScreen.storyboard in Resources */,
				C1FBE9FE1E61E7050031028A /* neural-nets in Resources */,
				C17F32041E61C82B002398AF /* Assets.xcassets in Resources */,
				C17F32021E61C82B002398AF /* Main.storyboard in Resources */,
			);
			runOnlyForDeploymentPostprocessing = 0;
		};
		C17F320B1E61C82B002398AF /* Resources */ = {
			isa = PBXResourcesBuildPhase;
			buildActionMask = 2147483647;
			files = (
			);
			runOnlyForDeploymentPostprocessing = 0;
		};
		C17F32161E61C82B002398AF /* Resources */ = {
			isa = PBXResourcesBuildPhase;
			buildActionMask = 2147483647;
			files = (
			);
			runOnlyForDeploymentPostprocessing = 0;
		};
/* End PBXResourcesBuildPhase section */

/* Begin PBXSourcesBuildPhase section */
		C17F31F51E61C82B002398AF /* Sources */ = {
			isa = PBXSourcesBuildPhase;
			buildActionMask = 2147483647;
			files = (
				C17F324F1E61C8D7002398AF /* JoinTable.c in Sources */,
				C17F32501E61C8D7002398AF /* Linear.c in Sources */,
				C17F325C1E61C8D7002398AF /* SpatialMaxUnpooling.c in Sources */,
				C17F32531E61C8D7002398AF /* Reshape.c in Sources */,
				C17F32571E61C8D7002398AF /* SpatialBatchNormalization.c in Sources */,
				C17F324D1E61C8D7002398AF /* ConcatTable.c in Sources */,
				C17F32591E61C8D7002398AF /* SpatialConvolutionMM.c in Sources */,
				C17F32541E61C8D7002398AF /* Sequential.c in Sources */,
				C17F324B1E61C8D7002398AF /* CAddTable.c in Sources */,
				C17F32561E61C8D7002398AF /* SpatialAveragePooling.c in Sources */,
				C17F31FF1E61C82B002398AF /* ViewController.swift in Sources */,
				C17F325E1E61C8D7002398AF /* Threshold.c in Sources */,
				C17F324C1E61C8D7002398AF /* Concat.c in Sources */,
				C17F325D1E61C8D7002398AF /* SpatialZeroPadding.c in Sources */,
				C17F32551E61C8D7002398AF /* SoftMax.c in Sources */,
				C17F32521E61C8D7002398AF /* PReLU.c in Sources */,
				C17F324E1E61C8D7002398AF /* Dropout.c in Sources */,
				C17F32351E61C8C7002398AF /* thload.c in Sources */,
				C17F32581E61C8D7002398AF /* SpatialConvolution.c in Sources */,
				C17F325B1E61C8D7002398AF /* SpatialMaxPooling.c in Sources */,
				C17F31FD1E61C82B002398AF /* AppDelegate.swift in Sources */,
				C17F32341E61C8C7002398AF /* thbasic.c in Sources */,
				C17F325F1E61C8D7002398AF /* View.c in Sources */,
				C17F32311E61C8C7002398AF /* memorydebug.c in Sources */,
				C17F32321E61C8C7002398AF /* pytorch.c in Sources */,
				C17F325A1E61C8D7002398AF /* SpatialFullConvolution.c in Sources */,
				C17F32331E61C8C7002398AF /* thapi.c in Sources */,
				C17F32511E61C8D7002398AF /* Normalize.c in Sources */,
			);
			runOnlyForDeploymentPostprocessing = 0;
		};
		C17F32091E61C82B002398AF /* Sources */ = {
			isa = PBXSourcesBuildPhase;
			buildActionMask = 2147483647;
			files = (
				C17F32121E61C82B002398AF /* test_thnetsTests.swift in Sources */,
			);
			runOnlyForDeploymentPostprocessing = 0;
		};
		C17F32141E61C82B002398AF /* Sources */ = {
			isa = PBXSourcesBuildPhase;
			buildActionMask = 2147483647;
			files = (
				C17F321D1E61C82B002398AF /* test_thnetsUITests.swift in Sources */,
			);
			runOnlyForDeploymentPostprocessing = 0;
		};
/* End PBXSourcesBuildPhase section */

/* Begin PBXTargetDependency section */
		C17F320F1E61C82B002398AF /* PBXTargetDependency */ = {
			isa = PBXTargetDependency;
			target = C17F31F81E61C82B002398AF /* test-thnets */;
			targetProxy = C17F320E1E61C82B002398AF /* PBXContainerItemProxy */;
		};
		C17F321A1E61C82B002398AF /* PBXTargetDependency */ = {
			isa = PBXTargetDependency;
			target = C17F31F81E61C82B002398AF /* test-thnets */;
			targetProxy = C17F32191E61C82B002398AF /* PBXContainerItemProxy */;
		};
/* End PBXTargetDependency section */

/* Begin PBXVariantGroup section */
		C17F32001E61C82B002398AF /* Main.storyboard */ = {
			isa = PBXVariantGroup;
			children = (
				C17F32011E61C82B002398AF /* Base */,
			);
			name = Main.storyboard;
			sourceTree = "<group>";
		};
		C17F32051E61C82B002398AF /* LaunchScreen.storyboard */ = {
			isa = PBXVariantGroup;
			children = (
				C17F32061E61C82B002398AF /* Base */,
			);
			name = LaunchScreen.storyboard;
			sourceTree = "<group>";
		};
/* End PBXVariantGroup section */

/* Begin XCBuildConfiguration section */
		C17F321F1E61C82B002398AF /* Debug */ = {
			isa = XCBuildConfiguration;
			buildSettings = {
				ALWAYS_SEARCH_USER_PATHS = NO;
				CLANG_ANALYZER_NONNULL = YES;
				CLANG_CXX_LANGUAGE_STANDARD = "gnu++0x";
				CLANG_CXX_LIBRARY = "libc++";
				CLANG_ENABLE_MODULES = YES;
				CLANG_ENABLE_OBJC_ARC = YES;
				CLANG_WARN_BOOL_CONVERSION = YES;
				CLANG_WARN_CONSTANT_CONVERSION = YES;
				CLANG_WARN_DIRECT_OBJC_ISA_USAGE = YES_ERROR;
				CLANG_WARN_DOCUMENTATION_COMMENTS = YES;
				CLANG_WARN_EMPTY_BODY = YES;
				CLANG_WARN_ENUM_CONVERSION = YES;
				CLANG_WARN_INFINITE_RECURSION = YES;
				CLANG_WARN_INT_CONVERSION = YES;
				CLANG_WARN_OBJC_ROOT_CLASS = YES_ERROR;
				CLANG_WARN_SUSPICIOUS_MOVE = YES;
				CLANG_WARN_UNREACHABLE_CODE = YES;
				CLANG_WARN__DUPLICATE_METHOD_MATCH = YES;
				"CODE_SIGN_IDENTITY[sdk=iphoneos*]" = "iPhone Developer";
				COPY_PHASE_STRIP = NO;
				DEBUG_INFORMATION_FORMAT = dwarf;
				ENABLE_STRICT_OBJC_MSGSEND = YES;
				ENABLE_TESTABILITY = YES;
				GCC_C_LANGUAGE_STANDARD = gnu99;
				GCC_DYNAMIC_NO_PIC = NO;
				GCC_NO_COMMON_BLOCKS = YES;
				GCC_OPTIMIZATION_LEVEL = 0;
				GCC_PREPROCESSOR_DEFINITIONS = (
					"DEBUG=1",
					"$(inherited)",
				);
				GCC_WARN_64_TO_32_BIT_CONVERSION = YES;
				GCC_WARN_ABOUT_RETURN_TYPE = YES_ERROR;
				GCC_WARN_UNDECLARED_SELECTOR = YES;
				GCC_WARN_UNINITIALIZED_AUTOS = YES_AGGRESSIVE;
				GCC_WARN_UNUSED_FUNCTION = YES;
				GCC_WARN_UNUSED_VARIABLE = YES;
				IPHONEOS_DEPLOYMENT_TARGET = 10.2;
				MTL_ENABLE_DEBUG_INFO = YES;
				ONLY_ACTIVE_ARCH = YES;
				SDKROOT = iphoneos;
				SWIFT_ACTIVE_COMPILATION_CONDITIONS = DEBUG;
				SWIFT_OPTIMIZATION_LEVEL = "-Onone";
				TARGETED_DEVICE_FAMILY = "1,2";
			};
			name = Debug;
		};
		C17F32201E61C82B002398AF /* Release */ = {
			isa = XCBuildConfiguration;
			buildSettings = {
				ALWAYS_SEARCH_USER_PATHS = NO;
				CLANG_ANALYZER_NONNULL = YES;
				CLANG_CXX_LANGUAGE_STANDARD = "gnu++0x";
				CLANG_CXX_LIBRARY = "libc++";
				CLANG_ENABLE_MODULES = YES;
				CLANG_ENABLE_OBJC_ARC = YES;
				CLANG_WARN_BOOL_CONVERSION = YES;
				CLANG_WARN_CONSTANT_CONVERSION = YES;
				CLANG_WARN_DIRECT_OBJC_ISA_USAGE = YES_ERROR;
				CLANG_WARN_DOCUMENTATION_COMMENTS = YES;
				CLANG_WARN_EMPTY_BODY = YES;
				CLANG_WARN_ENUM_CONVERSION = YES;
				CLANG_WARN_INFINITE_RECURSION = YES;
				CLANG_WARN_INT_CONVERSION = YES;
				CLANG_WARN_OBJC_ROOT_CLASS = YES_ERROR;
				CLANG_WARN_SUSPICIOUS_MOVE = YES;
				CLANG_WARN_UNREACHABLE_CODE = YES;
				CLANG_WARN__DUPLICATE_METHOD_MATCH = YES;
				"CODE_SIGN_IDENTITY[sdk=iphoneos*]" = "iPhone Developer";
				COPY_PHASE_STRIP = NO;
				DEBUG_INFORMATION_FORMAT = "dwarf-with-dsym";
				ENABLE_NS_ASSERTIONS = NO;
				ENABLE_STRICT_OBJC_MSGSEND = YES;
				GCC_C_LANGUAGE_STANDARD = gnu99;
				GCC_NO_COMMON_BLOCKS = YES;
				GCC_WARN_64_TO_32_BIT_CONVERSION = YES;
				GCC_WARN_ABOUT_RETURN_TYPE = YES_ERROR;
				GCC_WARN_UNDECLARED_SELECTOR = YES;
				GCC_WARN_UNINITIALIZED_AUTOS = YES_AGGRESSIVE;
				GCC_WARN_UNUSED_FUNCTION = YES;
				GCC_WARN_UNUSED_VARIABLE = YES;
				IPHONEOS_DEPLOYMENT_TARGET = 10.2;
				MTL_ENABLE_DEBUG_INFO = NO;
				SDKROOT = iphoneos;
				SWIFT_OPTIMIZATION_LEVEL = "-Owholemodule";
				TARGETED_DEVICE_FAMILY = "1,2";
				VALIDATE_PRODUCT = YES;
			};
			name = Release;
		};
		C17F32221E61C82B002398AF /* Debug */ = {
			isa = XCBuildConfiguration;
			buildSettings = {
				ASSETCATALOG_COMPILER_APPICON_NAME = AppIcon;
				CLANG_ENABLE_MODULES = YES;
				INFOPLIST_FILE = "test-thnets/Info.plist";
				LD_RUNPATH_SEARCH_PATHS = "$(inherited) @executable_path/Frameworks";
				PRODUCT_BUNDLE_IDENTIFIER = "com.fwdnxt.test-thnets";
				PRODUCT_NAME = "$(TARGET_NAME)";
				SWIFT_OBJC_BRIDGING_HEADER = "test-thnets-Bridging-Header.h";
				SWIFT_OPTIMIZATION_LEVEL = "-Onone";
				SWIFT_VERSION = 3.0;
			};
			name = Debug;
		};
		C17F32231E61C82B002398AF /* Release */ = {
			isa = XCBuildConfiguration;
			buildSettings = {
				ASSETCATALOG_COMPILER_APPICON_NAME = AppIcon;
				CLANG_ENABLE_MODULES = YES;
				INFOPLIST_FILE = "test-thnets/Info.plist";
				LD_RUNPATH_SEARCH_PATHS = "$(inherited) @executable_path/Frameworks";
				PRODUCT_BUNDLE_IDENTIFIER = "com.fwdnxt.test-thnets";
				PRODUCT_NAME = "$(TARGET_NAME)";
				SWIFT_OBJC_BRIDGING_HEADER = "test-thnets-Bridging-Header.h";
				SWIFT_VERSION = 3.0;
			};
			name = Release;
		};
		C17F32251E61C82B002398AF /* Debug */ = {
			isa = XCBuildConfiguration;
			buildSettings = {
				ALWAYS_EMBED_SWIFT_STANDARD_LIBRARIES = YES;
				BUNDLE_LOADER = "$(TEST_HOST)";
				INFOPLIST_FILE = "test-thnetsTests/Info.plist";
				LD_RUNPATH_SEARCH_PATHS = "$(inherited) @executable_path/Frameworks @loader_path/Frameworks";
				PRODUCT_BUNDLE_IDENTIFIER = "com.fwdnxt.test-thnetsTests";
				PRODUCT_NAME = "$(TARGET_NAME)";
				SWIFT_VERSION = 3.0;
				TEST_HOST = "$(BUILT_PRODUCTS_DIR)/test-thnets.app/test-thnets";
			};
			name = Debug;
		};
		C17F32261E61C82B002398AF /* Release */ = {
			isa = XCBuildConfiguration;
			buildSettings = {
				ALWAYS_EMBED_SWIFT_STANDARD_LIBRARIES = YES;
				BUNDLE_LOADER = "$(TEST_HOST)";
				INFOPLIST_FILE = "test-thnetsTests/Info.plist";
				LD_RUNPATH_SEARCH_PATHS = "$(inherited) @executable_path/Frameworks @loader_path/Frameworks";
				PRODUCT_BUNDLE_IDENTIFIER = "com.fwdnxt.test-thnetsTests";
				PRODUCT_NAME = "$(TARGET_NAME)";
				SWIFT_VERSION = 3.0;
				TEST_HOST = "$(BUILT_PRODUCTS_DIR)/test-thnets.app/test-thnets";
			};
			name = Release;
		};
		C17F32281E61C82B002398AF /* Debug */ = {
			isa = XCBuildConfiguration;
			buildSettings = {
				ALWAYS_EMBED_SWIFT_STANDARD_LIBRARIES = YES;
				INFOPLIST_FILE = "test-thnetsUITests/Info.plist";
				LD_RUNPATH_SEARCH_PATHS = "$(inherited) @executable_path/Frameworks @loader_path/Frameworks";
				PRODUCT_BUNDLE_IDENTIFIER = "com.fwdnxt.test-thnetsUITests";
				PRODUCT_NAME = "$(TARGET_NAME)";
				SWIFT_VERSION = 3.0;
				TEST_TARGET_NAME = "test-thnets";
			};
			name = Debug;
		};
		C17F32291E61C82B002398AF /* Release */ = {
			isa = XCBuildConfiguration;
			buildSettings = {
				ALWAYS_EMBED_SWIFT_STANDARD_LIBRARIES = YES;
				INFOPLIST_FILE = "test-thnetsUITests/Info.plist";
				LD_RUNPATH_SEARCH_PATHS = "$(inherited) @executable_path/Frameworks @loader_path/Frameworks";
				PRODUCT_BUNDLE_IDENTIFIER = "com.fwdnxt.test-thnetsUITests";
				PRODUCT_NAME = "$(TARGET_NAME)";
				SWIFT_VERSION = 3.0;
				TEST_TARGET_NAME = "test-thnets";
			};
			name = Release;
		};
/* End XCBuildConfiguration section */

/* Begin XCConfigurationList section */
		C17F31F41E61C82B002398AF /* Build configuration list for PBXProject "test-thnets" */ = {
			isa = XCConfigurationList;
			buildConfigurations = (
				C17F321F1E61C82B002398AF /* Debug */,
				C17F32201E61C82B002398AF /* Release */,
			);
			defaultConfigurationIsVisible = 0;
			defaultConfigurationName = Release;
		};
		C17F32211E61C82B002398AF /* Build configuration list for PBXNativeTarget "test-thnets" */ = {
			isa = XCConfigurationList;
			buildConfigurations = (
				C17F32221E61C82B002398AF /* Debug */,
				C17F32231E61C82B002398AF /* Release */,
			);
			defaultConfigurationIsVisible = 0;
			defaultConfigurationName = Release;
		};
		C17F32241E61C82B002398AF /* Build configuration list for PBXNativeTarget "test-thnetsTests" */ = {
			isa = XCConfigurationList;
			buildConfigurations = (
				C17F32251E61C82B002398AF /* Debug */,
				C17F32261E61C82B002398AF /* Release */,
			);
			defaultConfigurationIsVisible = 0;
			defaultConfigurationName = Release;
		};
		C17F32271E61C82B002398AF /* Build configuration list for PBXNativeTarget "test-thnetsUITests" */ = {
			isa = XCConfigurationList;
			buildConfigurations = (
				C17F32281E61C82B002398AF /* Debug */,
				C17F32291E61C82B002398AF /* Release */,
			);
			defaultConfigurationIsVisible = 0;
			defaultConfigurationName = Release;
		};
/* End XCConfigurationList section */
	};
	rootObject = C17F31F11E61C82B002398AF /* Project object */;
}
